<?xml version="1.0" encoding="UTF-8" standalone="yes" ?>
<CodeBlocks_project_file>
	<FileVersion major="1" minor="6" />
	<Project>
		<Option title="Twenty-third Project" />
		<Option pch_mode="2" />
		<Option compiler="gcc" />
		<Build>
			<Target title="Debug">
				<Option output="bin/Debug/Twenty-third Project" prefix_auto="1" extension_auto="1" />
				<Option object_output="obj/Debug/" />
				<Option type="1" />
				<Option compiler="gcc" />
				<Compiler>
					<Add option="-g" />
				</Compiler>
			</Target>
			<Target title="Release">
				<Option output="bin/Release/Twenty-third Project" prefix_auto="1" extension_auto="1" />
				<Option object_output="obj/Release/" />
				<Option type="1" />
				<Option compiler="gcc" />
				<Compiler>
					<Add option="-O2" />
				</Compiler>
				<Linker>
					<Add option="-s" />
				</Linker>
			</Target>
		</Build>
		<Compiler>
			<Add option="-Wall" />
		</Compiler>
		<Unit filename="Count the Elements of Array Without Direct Relationship Between Index and Value.c">
			<Option compilerVar="CC" />
		</Unit>
		<Unit filename="Counter Arrays.c">
			<Option compilerVar="CC" />
		</Unit>
		<Unit filename="Exercise of Counter Arrays.c">
			<Option compilerVar="CC" />
		</Unit>
		<Unit filename="Find How Many Times a Capital Letter Appears in a Sequence.c">
			<Option compilerVar="CC" />
		</Unit>
		<Unit filename="Find How Many Times a Character Appears in a Sequence.c">
			<Option compilerVar="CC" />
		</Unit>
		<Unit filename="Find How Many Times a Letter Appears in a Sequence.c">
			<Option compilerVar="CC" />
		</Unit>
		<Unit filename="Find Number with Max Appearances in a Sequences Using Counter Array.c">
			<Option compilerVar="CC" />
		</Unit>
		<Unit filename="main.c">
			<Option compilerVar="CC" />
		</Unit>
		<Extensions />
	</Project>
</CodeBlocks_project_file>
