<?xml version="1.0" encoding="UTF-8" standalone="yes" ?>
<CodeBlocks_project_file>
	<FileVersion major="1" minor="6" />
	<Project>
		<Option title="Sixth Project" />
		<Option pch_mode="2" />
		<Option compiler="gcc" />
		<Build>
			<Target title="Debug">
				<Option output="bin/Debug/Sixth Project" prefix_auto="1" extension_auto="1" />
				<Option object_output="obj/Debug/" />
				<Option type="1" />
				<Option compiler="gcc" />
				<Compiler>
					<Add option="-g" />
				</Compiler>
			</Target>
			<Target title="Release">
				<Option output="bin/Release/Sixth Project" prefix_auto="1" extension_auto="1" />
				<Option object_output="obj/Release/" />
				<Option type="1" />
				<Option compiler="gcc" />
				<Compiler>
					<Add option="-O2" />
				</Compiler>
				<Linker>
					<Add option="-s" />
				</Linker>
			</Target>
		</Build>
		<Compiler>
			<Add option="-Wall" />
		</Compiler>
		<Unit filename="Even or Odd Number.c">
			<Option compilerVar="CC" />
		</Unit>
		<Unit filename="Excercise of Cycle Flows.c">
			<Option compilerVar="CC" />
		</Unit>
		<Unit filename="Excercise of Switch Case.c">
			<Option compilerVar="CC" />
		</Unit>
		<Unit filename="Final TEST.c">
			<Option compilerVar="CC" />
		</Unit>
		<Unit filename="Intermediate Calculator.c">
			<Option compilerVar="CC" />
		</Unit>
		<Unit filename="Logical Operators (AND, OR, NOT).c">
			<Option compilerVar="CC" />
		</Unit>
		<Unit filename="MAX and MIN Within 3 Options.c">
			<Option compilerVar="CC" />
		</Unit>
		<Unit filename="Maximum and Minimum Float Numbers.c">
			<Option compilerVar="CC" />
		</Unit>
		<Unit filename="Scoring Other People´s Code.c">
			<Option compilerVar="CC" />
		</Unit>
		<Unit filename="Simple IF and ELSE Cycle.c">
			<Option compilerVar="CC" />
		</Unit>
		<Unit filename="main.c">
			<Option compilerVar="CC" />
		</Unit>
		<Extensions>
			<lib_finder disable_auto="1" />
		</Extensions>
	</Project>
</CodeBlocks_project_file>
